{
  "pins" : [
    {
      "identity" : "cloneable-ios-sdk",
      "kind" : "remoteSourceControl",
      "location" : "https://github.com/Cloneable-Inc/Cloneable-iOS-SDK/",
      "state" : {
        "revision" : "67ad6b4dac6ab2d8d6c9feba25ee4e9cb7e4db53",
        "version" : "0.2.12"
      }
    }
  ],
  "version" : 2
}
