{
  "pins" : [
    {
      "identity" : "cloneable-ios-sdk",
      "kind" : "remoteSourceControl",
      "location" : "https://github.com/Cloneable-Inc/Cloneable-iOS-SDK/",
      "state" : {
        "revision" : "6f57e876f0f030f4b05526d6a6776effa61bfad0",
        "version" : "0.2.0"
      }
    }
  ],
  "version" : 2
}
