{
  "pins" : [
    {
      "identity" : "cloneable-ios-sdk",
      "kind" : "remoteSourceControl",
      "location" : "https://github.com/Cloneable-Inc/Cloneable-iOS-SDK/",
      "state" : {
        "revision" : "05f46548954a166c5168cfa662bd70524ebc9470",
        "version" : "1.4.10"
      }
    }
  ],
  "version" : 2
}
